
Microsoft Visual Studio Solution File, Format Version 12.00
# Visual Studio Version 16
VisualStudioVersion = 16.0.29102.190
MinimumVisualStudioVersion = 10.0.40219.1
Project("{9A19103F-16F7-4668-BE54-9A1E7A4F7556}") = "Remote.Debug", "Remote.Debug.csproj", "{56DE1E5D-9E8D-4E57-9174-C574E372D077}"
EndProject
Global
	GlobalSection(SolutionConfigurationPlatforms) = preSolution
		Debug|Any CPU = Debug|Any CPU
		Release|Any CPU = Release|Any CPU
	EndGlobalSection
	GlobalSection(ProjectConfigurationPlatforms) = postSolution
		{56DE1E5D-9E8D-4E57-9174-C574E372D077}.Debug|Any CPU.ActiveCfg = Debug|Any CPU
		{56DE1E5D-9E8D-4E57-9174-C574E372D077}.Debug|Any CPU.Build.0 = Debug|Any CPU
		{56DE1E5D-9E8D-4E57-9174-C574E372D077}.Release|Any CPU.ActiveCfg = Release|Any CPU
		{56DE1E5D-9E8D-4E57-9174-C574E372D077}.Release|Any CPU.Build.0 = Release|Any CPU
	EndGlobalSection
	GlobalSection(SolutionProperties) = preSolution
		HideSolutionNode = FALSE
	EndGlobalSection
	GlobalSection(ExtensibilityGlobals) = postSolution
		SolutionGuid = {BDEF9162-9887-477D-9B91-EB4BFB32B389}
	EndGlobalSection
EndGlobal
