
Microsoft Visual Studio Solution File, Format Version 12.00
# Visual Studio Version 16
VisualStudioVersion = 16.0.29215.179
MinimumVisualStudioVersion = 10.0.40219.1
Project("{9A19103F-16F7-4668-BE54-9A1E7A4F7556}") = "K8s.NET.Demo", "K8s.NET.Demo.csproj", "{DBDAE635-BE05-49DF-9423-F54B517B1D54}"
EndProject
Global
	GlobalSection(SolutionConfigurationPlatforms) = preSolution
		Debug|Any CPU = Debug|Any CPU
		Release|Any CPU = Release|Any CPU
	EndGlobalSection
	GlobalSection(ProjectConfigurationPlatforms) = postSolution
		{DBDAE635-BE05-49DF-9423-F54B517B1D54}.Debug|Any CPU.ActiveCfg = Debug|Any CPU
		{DBDAE635-BE05-49DF-9423-F54B517B1D54}.Debug|Any CPU.Build.0 = Debug|Any CPU
		{DBDAE635-BE05-49DF-9423-F54B517B1D54}.Release|Any CPU.ActiveCfg = Release|Any CPU
		{DBDAE635-BE05-49DF-9423-F54B517B1D54}.Release|Any CPU.Build.0 = Release|Any CPU
	EndGlobalSection
	GlobalSection(SolutionProperties) = preSolution
		HideSolutionNode = FALSE
	EndGlobalSection
	GlobalSection(ExtensibilityGlobals) = postSolution
		SolutionGuid = {73516AA0-B656-4DBE-BA6C-B24020002EC7}
	EndGlobalSection
EndGlobal
