
Microsoft Visual Studio Solution File, Format Version 12.00
# Visual Studio Version 16
VisualStudioVersion = 16.0.30114.105
MinimumVisualStudioVersion = 10.0.40219.1
Project("{FAE04EC0-301F-11D3-BF4B-00C04F79EFBC}") = "MassTransit.PublishDemo", "MassTransit.PublishDemo\MassTransit.PublishDemo.csproj", "{549641D5-E2F6-4915-A9FE-5179D094FA00}"
EndProject
Project("{FAE04EC0-301F-11D3-BF4B-00C04F79EFBC}") = "MassTransit.RpDemo.Shared", "MassTransit.RpDemo.Shared\MassTransit.RpDemo.Shared.csproj", "{8EF7044B-B7F7-4967-9BCE-B67A99227990}"
EndProject
Project("{FAE04EC0-301F-11D3-BF4B-00C04F79EFBC}") = "MassTransit.MediatorDemo", "MassTransit.MediatorDemo\MassTransit.MediatorDemo.csproj", "{DD1C637A-930E-4091-82EB-84C9183DCFC7}"
EndProject
Project("{FAE04EC0-301F-11D3-BF4B-00C04F79EFBC}") = "MassTransit.RpDemo.Request", "MassTransit.RpDemo.Request\MassTransit.RpDemo.Request.csproj", "{CCB80622-B9F5-4E88-9CB7-D6EF49C899B3}"
EndProject
Project("{FAE04EC0-301F-11D3-BF4B-00C04F79EFBC}") = "MassTransit.RpDemo.Response", "MassTransit.RpDemo.Response\MassTransit.RpDemo.Response.csproj", "{27DD6BA0-AC6E-4769-B405-06F5F3744161}"
EndProject
Project("{2150E333-8FDC-42A3-9474-1A3956D46DE8}") = "MediatorDemo", "MediatorDemo", "{0D65C6F9-1E6B-4962-9555-CB9676F2754B}"
EndProject
Project("{2150E333-8FDC-42A3-9474-1A3956D46DE8}") = "PublishDemo", "PublishDemo", "{3AF80E75-81A8-4164-87C1-A9355EDB2A2B}"
EndProject
Project("{2150E333-8FDC-42A3-9474-1A3956D46DE8}") = "RequestResponseDemo", "RequestResponseDemo", "{939CCBFE-4F5A-4A86-9BB0-6C046F157984}"
EndProject
Project("{2150E333-8FDC-42A3-9474-1A3956D46DE8}") = "StateMachineDemo", "StateMachineDemo", "{75FB4A2D-F186-4308-9CAA-F25DA0D04161}"
EndProject
Project("{FAE04EC0-301F-11D3-BF4B-00C04F79EFBC}") = "MassTransit.SmDemo.OrderService", "MassTransit.SmDemo.OrderService\MassTransit.SmDemo.OrderService.csproj", "{7B1D7F11-BC21-4098-A996-B992855E707E}"
EndProject
Project("{FAE04EC0-301F-11D3-BF4B-00C04F79EFBC}") = "MassTransit.SmDemo.StockService", "MassTransit.SmDemo.StockService\MassTransit.SmDemo.StockService.csproj", "{A1C1C0CE-2F61-4D52-9B3E-0D18930A322D}"
EndProject
Project("{FAE04EC0-301F-11D3-BF4B-00C04F79EFBC}") = "MassTransit.SmDemo.Share", "MassTransit.SmDemo.Share\MassTransit.SmDemo.Share.csproj", "{FD0B82D5-CDC7-4A12-8DB0-B136964F6C13}"
EndProject
Project("{FAE04EC0-301F-11D3-BF4B-00C04F79EFBC}") = "MassTransit.SmDemo.OrderApi", "MassTransit.SmDemo.OrderApi\MassTransit.SmDemo.OrderApi.csproj", "{9EDFFA95-29D4-4267-B285-10402E21B1AB}"
EndProject
Global
	GlobalSection(SolutionConfigurationPlatforms) = preSolution
		Debug|Any CPU = Debug|Any CPU
		Release|Any CPU = Release|Any CPU
	EndGlobalSection
	GlobalSection(SolutionProperties) = preSolution
		HideSolutionNode = FALSE
	EndGlobalSection
	GlobalSection(ProjectConfigurationPlatforms) = postSolution
		{549641D5-E2F6-4915-A9FE-5179D094FA00}.Debug|Any CPU.ActiveCfg = Debug|Any CPU
		{549641D5-E2F6-4915-A9FE-5179D094FA00}.Debug|Any CPU.Build.0 = Debug|Any CPU
		{549641D5-E2F6-4915-A9FE-5179D094FA00}.Release|Any CPU.ActiveCfg = Release|Any CPU
		{549641D5-E2F6-4915-A9FE-5179D094FA00}.Release|Any CPU.Build.0 = Release|Any CPU
		{8EF7044B-B7F7-4967-9BCE-B67A99227990}.Debug|Any CPU.ActiveCfg = Debug|Any CPU
		{8EF7044B-B7F7-4967-9BCE-B67A99227990}.Debug|Any CPU.Build.0 = Debug|Any CPU
		{8EF7044B-B7F7-4967-9BCE-B67A99227990}.Release|Any CPU.ActiveCfg = Release|Any CPU
		{8EF7044B-B7F7-4967-9BCE-B67A99227990}.Release|Any CPU.Build.0 = Release|Any CPU
		{DD1C637A-930E-4091-82EB-84C9183DCFC7}.Debug|Any CPU.ActiveCfg = Debug|Any CPU
		{DD1C637A-930E-4091-82EB-84C9183DCFC7}.Debug|Any CPU.Build.0 = Debug|Any CPU
		{DD1C637A-930E-4091-82EB-84C9183DCFC7}.Release|Any CPU.ActiveCfg = Release|Any CPU
		{DD1C637A-930E-4091-82EB-84C9183DCFC7}.Release|Any CPU.Build.0 = Release|Any CPU
		{CCB80622-B9F5-4E88-9CB7-D6EF49C899B3}.Debug|Any CPU.ActiveCfg = Debug|Any CPU
		{CCB80622-B9F5-4E88-9CB7-D6EF49C899B3}.Debug|Any CPU.Build.0 = Debug|Any CPU
		{CCB80622-B9F5-4E88-9CB7-D6EF49C899B3}.Release|Any CPU.ActiveCfg = Release|Any CPU
		{CCB80622-B9F5-4E88-9CB7-D6EF49C899B3}.Release|Any CPU.Build.0 = Release|Any CPU
		{27DD6BA0-AC6E-4769-B405-06F5F3744161}.Debug|Any CPU.ActiveCfg = Debug|Any CPU
		{27DD6BA0-AC6E-4769-B405-06F5F3744161}.Debug|Any CPU.Build.0 = Debug|Any CPU
		{27DD6BA0-AC6E-4769-B405-06F5F3744161}.Release|Any CPU.ActiveCfg = Release|Any CPU
		{27DD6BA0-AC6E-4769-B405-06F5F3744161}.Release|Any CPU.Build.0 = Release|Any CPU
		{7B1D7F11-BC21-4098-A996-B992855E707E}.Debug|Any CPU.ActiveCfg = Debug|Any CPU
		{7B1D7F11-BC21-4098-A996-B992855E707E}.Debug|Any CPU.Build.0 = Debug|Any CPU
		{7B1D7F11-BC21-4098-A996-B992855E707E}.Release|Any CPU.ActiveCfg = Release|Any CPU
		{7B1D7F11-BC21-4098-A996-B992855E707E}.Release|Any CPU.Build.0 = Release|Any CPU
		{A1C1C0CE-2F61-4D52-9B3E-0D18930A322D}.Debug|Any CPU.ActiveCfg = Debug|Any CPU
		{A1C1C0CE-2F61-4D52-9B3E-0D18930A322D}.Debug|Any CPU.Build.0 = Debug|Any CPU
		{A1C1C0CE-2F61-4D52-9B3E-0D18930A322D}.Release|Any CPU.ActiveCfg = Release|Any CPU
		{A1C1C0CE-2F61-4D52-9B3E-0D18930A322D}.Release|Any CPU.Build.0 = Release|Any CPU
		{FD0B82D5-CDC7-4A12-8DB0-B136964F6C13}.Debug|Any CPU.ActiveCfg = Debug|Any CPU
		{FD0B82D5-CDC7-4A12-8DB0-B136964F6C13}.Debug|Any CPU.Build.0 = Debug|Any CPU
		{FD0B82D5-CDC7-4A12-8DB0-B136964F6C13}.Release|Any CPU.ActiveCfg = Release|Any CPU
		{FD0B82D5-CDC7-4A12-8DB0-B136964F6C13}.Release|Any CPU.Build.0 = Release|Any CPU
		{9EDFFA95-29D4-4267-B285-10402E21B1AB}.Debug|Any CPU.ActiveCfg = Debug|Any CPU
		{9EDFFA95-29D4-4267-B285-10402E21B1AB}.Debug|Any CPU.Build.0 = Debug|Any CPU
		{9EDFFA95-29D4-4267-B285-10402E21B1AB}.Release|Any CPU.ActiveCfg = Release|Any CPU
		{9EDFFA95-29D4-4267-B285-10402E21B1AB}.Release|Any CPU.Build.0 = Release|Any CPU
	EndGlobalSection
	GlobalSection(NestedProjects) = preSolution
		{DD1C637A-930E-4091-82EB-84C9183DCFC7} = {0D65C6F9-1E6B-4962-9555-CB9676F2754B}
		{549641D5-E2F6-4915-A9FE-5179D094FA00} = {3AF80E75-81A8-4164-87C1-A9355EDB2A2B}
		{CCB80622-B9F5-4E88-9CB7-D6EF49C899B3} = {939CCBFE-4F5A-4A86-9BB0-6C046F157984}
		{27DD6BA0-AC6E-4769-B405-06F5F3744161} = {939CCBFE-4F5A-4A86-9BB0-6C046F157984}
		{8EF7044B-B7F7-4967-9BCE-B67A99227990} = {939CCBFE-4F5A-4A86-9BB0-6C046F157984}
		{7B1D7F11-BC21-4098-A996-B992855E707E} = {75FB4A2D-F186-4308-9CAA-F25DA0D04161}
		{A1C1C0CE-2F61-4D52-9B3E-0D18930A322D} = {75FB4A2D-F186-4308-9CAA-F25DA0D04161}
		{FD0B82D5-CDC7-4A12-8DB0-B136964F6C13} = {75FB4A2D-F186-4308-9CAA-F25DA0D04161}
		{9EDFFA95-29D4-4267-B285-10402E21B1AB} = {75FB4A2D-F186-4308-9CAA-F25DA0D04161}
	EndGlobalSection
EndGlobal
