
Microsoft Visual Studio Solution File, Format Version 12.00
# Visual Studio Version 17
VisualStudioVersion = 17.0.31903.59
MinimumVisualStudioVersion = 10.0.40219.1
Project("{FAE04EC0-301F-11D3-BF4B-00C04F79EFBC}") = "MassTransit.SmDemo.InventoryService", "MassTransit.SmDemo.InventoryService\MassTransit.SmDemo.InventoryService.csproj", "{BF9D6B10-3400-4BCA-861C-53EC1CB531B7}"
EndProject
Project("{FAE04EC0-301F-11D3-BF4B-00C04F79EFBC}") = "MassTransit.SmDemo.OrderService", "MassTransit.SmDemo.OrderService\MassTransit.SmDemo.OrderService.csproj", "{EF8C98B1-C448-4745-B548-001E93077279}"
EndProject
Project("{FAE04EC0-301F-11D3-BF4B-00C04F79EFBC}") = "MassTransit.SmDemo.Shared", "MassTransit.SmDemo.Shared\MassTransit.SmDemo.Shared.csproj", "{24C97E8B-995C-4C2B-ACB1-99C826B73CE6}"
EndProject
Project("{FAE04EC0-301F-11D3-BF4B-00C04F79EFBC}") = "MassTransit.SmDemo.PaymentService", "MassTransit.SmDemo.PaymentService\MassTransit.SmDemo.PaymentService.csproj", "{EC63AD84-FAB6-488D-B735-ACC0A3AD1816}"
EndProject
Global
	GlobalSection(SolutionConfigurationPlatforms) = preSolution
		Debug|Any CPU = Debug|Any CPU
		Release|Any CPU = Release|Any CPU
	EndGlobalSection
	GlobalSection(SolutionProperties) = preSolution
		HideSolutionNode = FALSE
	EndGlobalSection
	GlobalSection(ProjectConfigurationPlatforms) = postSolution
		{BF9D6B10-3400-4BCA-861C-53EC1CB531B7}.Debug|Any CPU.ActiveCfg = Debug|Any CPU
		{BF9D6B10-3400-4BCA-861C-53EC1CB531B7}.Debug|Any CPU.Build.0 = Debug|Any CPU
		{BF9D6B10-3400-4BCA-861C-53EC1CB531B7}.Release|Any CPU.ActiveCfg = Release|Any CPU
		{BF9D6B10-3400-4BCA-861C-53EC1CB531B7}.Release|Any CPU.Build.0 = Release|Any CPU
		{EF8C98B1-C448-4745-B548-001E93077279}.Debug|Any CPU.ActiveCfg = Debug|Any CPU
		{EF8C98B1-C448-4745-B548-001E93077279}.Debug|Any CPU.Build.0 = Debug|Any CPU
		{EF8C98B1-C448-4745-B548-001E93077279}.Release|Any CPU.ActiveCfg = Release|Any CPU
		{EF8C98B1-C448-4745-B548-001E93077279}.Release|Any CPU.Build.0 = Release|Any CPU
		{24C97E8B-995C-4C2B-ACB1-99C826B73CE6}.Debug|Any CPU.ActiveCfg = Debug|Any CPU
		{24C97E8B-995C-4C2B-ACB1-99C826B73CE6}.Debug|Any CPU.Build.0 = Debug|Any CPU
		{24C97E8B-995C-4C2B-ACB1-99C826B73CE6}.Release|Any CPU.ActiveCfg = Release|Any CPU
		{24C97E8B-995C-4C2B-ACB1-99C826B73CE6}.Release|Any CPU.Build.0 = Release|Any CPU
		{EC63AD84-FAB6-488D-B735-ACC0A3AD1816}.Debug|Any CPU.ActiveCfg = Debug|Any CPU
		{EC63AD84-FAB6-488D-B735-ACC0A3AD1816}.Debug|Any CPU.Build.0 = Debug|Any CPU
		{EC63AD84-FAB6-488D-B735-ACC0A3AD1816}.Release|Any CPU.ActiveCfg = Release|Any CPU
		{EC63AD84-FAB6-488D-B735-ACC0A3AD1816}.Release|Any CPU.Build.0 = Release|Any CPU
	EndGlobalSection
EndGlobal
