
Microsoft Visual Studio Solution File, Format Version 12.00
# Visual Studio Version 16
VisualStudioVersion = 16.0.29324.140
MinimumVisualStudioVersion = 15.0.26124.0
Project("{9A19103F-16F7-4668-BE54-9A1E7A4F7556}") = "Orleans.Stream.Silo", "Orlenas.Stream.Silo\Orleans.Stream.Silo.csproj", "{50440B0B-4DDE-4570-A33C-F32B2169621A}"
EndProject
Project("{9A19103F-16F7-4668-BE54-9A1E7A4F7556}") = "Orleans.Stream.Client", "Orleans.Stream.Client\Orleans.Stream.Client.csproj", "{492B29AA-C4CD-4A65-A6AF-E9B8684935C6}"
EndProject
Project("{9A19103F-16F7-4668-BE54-9A1E7A4F7556}") = "Orleans.Stream.Grain", "Orleans.Stream.Grain\Orleans.Stream.Grain.csproj", "{CFF017F3-30BD-414D-A68B-EF95F5A72519}"
EndProject
Global
	GlobalSection(SolutionConfigurationPlatforms) = preSolution
		Debug|Any CPU = Debug|Any CPU
		Debug|x64 = Debug|x64
		Debug|x86 = Debug|x86
		Release|Any CPU = Release|Any CPU
		Release|x64 = Release|x64
		Release|x86 = Release|x86
	EndGlobalSection
	GlobalSection(ProjectConfigurationPlatforms) = postSolution
		{50440B0B-4DDE-4570-A33C-F32B2169621A}.Debug|Any CPU.ActiveCfg = Debug|Any CPU
		{50440B0B-4DDE-4570-A33C-F32B2169621A}.Debug|Any CPU.Build.0 = Debug|Any CPU
		{50440B0B-4DDE-4570-A33C-F32B2169621A}.Debug|x64.ActiveCfg = Debug|Any CPU
		{50440B0B-4DDE-4570-A33C-F32B2169621A}.Debug|x64.Build.0 = Debug|Any CPU
		{50440B0B-4DDE-4570-A33C-F32B2169621A}.Debug|x86.ActiveCfg = Debug|Any CPU
		{50440B0B-4DDE-4570-A33C-F32B2169621A}.Debug|x86.Build.0 = Debug|Any CPU
		{50440B0B-4DDE-4570-A33C-F32B2169621A}.Release|Any CPU.ActiveCfg = Release|Any CPU
		{50440B0B-4DDE-4570-A33C-F32B2169621A}.Release|Any CPU.Build.0 = Release|Any CPU
		{50440B0B-4DDE-4570-A33C-F32B2169621A}.Release|x64.ActiveCfg = Release|Any CPU
		{50440B0B-4DDE-4570-A33C-F32B2169621A}.Release|x64.Build.0 = Release|Any CPU
		{50440B0B-4DDE-4570-A33C-F32B2169621A}.Release|x86.ActiveCfg = Release|Any CPU
		{50440B0B-4DDE-4570-A33C-F32B2169621A}.Release|x86.Build.0 = Release|Any CPU
		{492B29AA-C4CD-4A65-A6AF-E9B8684935C6}.Debug|Any CPU.ActiveCfg = Debug|Any CPU
		{492B29AA-C4CD-4A65-A6AF-E9B8684935C6}.Debug|Any CPU.Build.0 = Debug|Any CPU
		{492B29AA-C4CD-4A65-A6AF-E9B8684935C6}.Debug|x64.ActiveCfg = Debug|Any CPU
		{492B29AA-C4CD-4A65-A6AF-E9B8684935C6}.Debug|x64.Build.0 = Debug|Any CPU
		{492B29AA-C4CD-4A65-A6AF-E9B8684935C6}.Debug|x86.ActiveCfg = Debug|Any CPU
		{492B29AA-C4CD-4A65-A6AF-E9B8684935C6}.Debug|x86.Build.0 = Debug|Any CPU
		{492B29AA-C4CD-4A65-A6AF-E9B8684935C6}.Release|Any CPU.ActiveCfg = Release|Any CPU
		{492B29AA-C4CD-4A65-A6AF-E9B8684935C6}.Release|Any CPU.Build.0 = Release|Any CPU
		{492B29AA-C4CD-4A65-A6AF-E9B8684935C6}.Release|x64.ActiveCfg = Release|Any CPU
		{492B29AA-C4CD-4A65-A6AF-E9B8684935C6}.Release|x64.Build.0 = Release|Any CPU
		{492B29AA-C4CD-4A65-A6AF-E9B8684935C6}.Release|x86.ActiveCfg = Release|Any CPU
		{492B29AA-C4CD-4A65-A6AF-E9B8684935C6}.Release|x86.Build.0 = Release|Any CPU
		{CFF017F3-30BD-414D-A68B-EF95F5A72519}.Debug|Any CPU.ActiveCfg = Debug|Any CPU
		{CFF017F3-30BD-414D-A68B-EF95F5A72519}.Debug|Any CPU.Build.0 = Debug|Any CPU
		{CFF017F3-30BD-414D-A68B-EF95F5A72519}.Debug|x64.ActiveCfg = Debug|Any CPU
		{CFF017F3-30BD-414D-A68B-EF95F5A72519}.Debug|x64.Build.0 = Debug|Any CPU
		{CFF017F3-30BD-414D-A68B-EF95F5A72519}.Debug|x86.ActiveCfg = Debug|Any CPU
		{CFF017F3-30BD-414D-A68B-EF95F5A72519}.Debug|x86.Build.0 = Debug|Any CPU
		{CFF017F3-30BD-414D-A68B-EF95F5A72519}.Release|Any CPU.ActiveCfg = Release|Any CPU
		{CFF017F3-30BD-414D-A68B-EF95F5A72519}.Release|Any CPU.Build.0 = Release|Any CPU
		{CFF017F3-30BD-414D-A68B-EF95F5A72519}.Release|x64.ActiveCfg = Release|Any CPU
		{CFF017F3-30BD-414D-A68B-EF95F5A72519}.Release|x64.Build.0 = Release|Any CPU
		{CFF017F3-30BD-414D-A68B-EF95F5A72519}.Release|x86.ActiveCfg = Release|Any CPU
		{CFF017F3-30BD-414D-A68B-EF95F5A72519}.Release|x86.Build.0 = Release|Any CPU
	EndGlobalSection
	GlobalSection(SolutionProperties) = preSolution
		HideSolutionNode = FALSE
	EndGlobalSection
	GlobalSection(ExtensibilityGlobals) = postSolution
		SolutionGuid = {BE91E951-3768-4AF5-8882-CD84E93BB6DB}
	EndGlobalSection
EndGlobal
