
Microsoft Visual Studio Solution File, Format Version 12.00
# Visual Studio Version 16
VisualStudioVersion = 16.0.29411.108
MinimumVisualStudioVersion = 15.0.26124.0
Project("{9A19103F-16F7-4668-BE54-9A1E7A4F7556}") = "Orleans.Promotion.Client", "Orleans.Promotion.Client\Orleans.Promotion.Client.csproj", "{4180D56C-FEF5-4AD1-8304-20C5CF4BFA6C}"
EndProject
Project("{9A19103F-16F7-4668-BE54-9A1E7A4F7556}") = "Orleans.Promotion.Server", "Orleans.Promotion.Server\Orleans.Promotion.Server.csproj", "{111055C6-7694-45FD-9D2E-B3E455DACF86}"
EndProject
Project("{9A19103F-16F7-4668-BE54-9A1E7A4F7556}") = "Orleans.Promotion.Grains", "Orleans.Promotion.Grains\Orleans.Promotion.Grains.csproj", "{822C9592-DB2D-4DA2-BCB5-9BE7EEB4A780}"
EndProject
Global
	GlobalSection(SolutionConfigurationPlatforms) = preSolution
		Debug|Any CPU = Debug|Any CPU
		Debug|x64 = Debug|x64
		Debug|x86 = Debug|x86
		Release|Any CPU = Release|Any CPU
		Release|x64 = Release|x64
		Release|x86 = Release|x86
	EndGlobalSection
	GlobalSection(ProjectConfigurationPlatforms) = postSolution
		{4180D56C-FEF5-4AD1-8304-20C5CF4BFA6C}.Debug|Any CPU.ActiveCfg = Debug|Any CPU
		{4180D56C-FEF5-4AD1-8304-20C5CF4BFA6C}.Debug|Any CPU.Build.0 = Debug|Any CPU
		{4180D56C-FEF5-4AD1-8304-20C5CF4BFA6C}.Debug|x64.ActiveCfg = Debug|Any CPU
		{4180D56C-FEF5-4AD1-8304-20C5CF4BFA6C}.Debug|x64.Build.0 = Debug|Any CPU
		{4180D56C-FEF5-4AD1-8304-20C5CF4BFA6C}.Debug|x86.ActiveCfg = Debug|Any CPU
		{4180D56C-FEF5-4AD1-8304-20C5CF4BFA6C}.Debug|x86.Build.0 = Debug|Any CPU
		{4180D56C-FEF5-4AD1-8304-20C5CF4BFA6C}.Release|Any CPU.ActiveCfg = Release|Any CPU
		{4180D56C-FEF5-4AD1-8304-20C5CF4BFA6C}.Release|Any CPU.Build.0 = Release|Any CPU
		{4180D56C-FEF5-4AD1-8304-20C5CF4BFA6C}.Release|x64.ActiveCfg = Release|Any CPU
		{4180D56C-FEF5-4AD1-8304-20C5CF4BFA6C}.Release|x64.Build.0 = Release|Any CPU
		{4180D56C-FEF5-4AD1-8304-20C5CF4BFA6C}.Release|x86.ActiveCfg = Release|Any CPU
		{4180D56C-FEF5-4AD1-8304-20C5CF4BFA6C}.Release|x86.Build.0 = Release|Any CPU
		{111055C6-7694-45FD-9D2E-B3E455DACF86}.Debug|Any CPU.ActiveCfg = Debug|Any CPU
		{111055C6-7694-45FD-9D2E-B3E455DACF86}.Debug|Any CPU.Build.0 = Debug|Any CPU
		{111055C6-7694-45FD-9D2E-B3E455DACF86}.Debug|x64.ActiveCfg = Debug|Any CPU
		{111055C6-7694-45FD-9D2E-B3E455DACF86}.Debug|x64.Build.0 = Debug|Any CPU
		{111055C6-7694-45FD-9D2E-B3E455DACF86}.Debug|x86.ActiveCfg = Debug|Any CPU
		{111055C6-7694-45FD-9D2E-B3E455DACF86}.Debug|x86.Build.0 = Debug|Any CPU
		{111055C6-7694-45FD-9D2E-B3E455DACF86}.Release|Any CPU.ActiveCfg = Release|Any CPU
		{111055C6-7694-45FD-9D2E-B3E455DACF86}.Release|Any CPU.Build.0 = Release|Any CPU
		{111055C6-7694-45FD-9D2E-B3E455DACF86}.Release|x64.ActiveCfg = Release|Any CPU
		{111055C6-7694-45FD-9D2E-B3E455DACF86}.Release|x64.Build.0 = Release|Any CPU
		{111055C6-7694-45FD-9D2E-B3E455DACF86}.Release|x86.ActiveCfg = Release|Any CPU
		{111055C6-7694-45FD-9D2E-B3E455DACF86}.Release|x86.Build.0 = Release|Any CPU
		{822C9592-DB2D-4DA2-BCB5-9BE7EEB4A780}.Debug|Any CPU.ActiveCfg = Debug|Any CPU
		{822C9592-DB2D-4DA2-BCB5-9BE7EEB4A780}.Debug|Any CPU.Build.0 = Debug|Any CPU
		{822C9592-DB2D-4DA2-BCB5-9BE7EEB4A780}.Debug|x64.ActiveCfg = Debug|Any CPU
		{822C9592-DB2D-4DA2-BCB5-9BE7EEB4A780}.Debug|x64.Build.0 = Debug|Any CPU
		{822C9592-DB2D-4DA2-BCB5-9BE7EEB4A780}.Debug|x86.ActiveCfg = Debug|Any CPU
		{822C9592-DB2D-4DA2-BCB5-9BE7EEB4A780}.Debug|x86.Build.0 = Debug|Any CPU
		{822C9592-DB2D-4DA2-BCB5-9BE7EEB4A780}.Release|Any CPU.ActiveCfg = Release|Any CPU
		{822C9592-DB2D-4DA2-BCB5-9BE7EEB4A780}.Release|Any CPU.Build.0 = Release|Any CPU
		{822C9592-DB2D-4DA2-BCB5-9BE7EEB4A780}.Release|x64.ActiveCfg = Release|Any CPU
		{822C9592-DB2D-4DA2-BCB5-9BE7EEB4A780}.Release|x64.Build.0 = Release|Any CPU
		{822C9592-DB2D-4DA2-BCB5-9BE7EEB4A780}.Release|x86.ActiveCfg = Release|Any CPU
		{822C9592-DB2D-4DA2-BCB5-9BE7EEB4A780}.Release|x86.Build.0 = Release|Any CPU
	EndGlobalSection
	GlobalSection(SolutionProperties) = preSolution
		HideSolutionNode = FALSE
	EndGlobalSection
	GlobalSection(ExtensibilityGlobals) = postSolution
		SolutionGuid = {D57985EE-64A6-4B81-8C86-659170F922B6}
	EndGlobalSection
EndGlobal
